
Microsoft Visual Studio Solution File, Format Version 12.00
# Visual Studio Version 17
VisualStudioVersion = 17.7.34031.279
MinimumVisualStudioVersion = 10.0.40219.1
Project("{FAE04EC0-301F-11D3-BF4B-00C04F79EFBC}") = "Assignment_1", "Assignment_1\Assignment_1.csproj", "{9780DEFE-5821-4D44-A97D-2EB847898984}"
EndProject
Global
	GlobalSection(SolutionConfigurationPlatforms) = preSolution
		Debug|Any CPU = Debug|Any CPU
		Release|Any CPU = Release|Any CPU
	EndGlobalSection
	GlobalSection(ProjectConfigurationPlatforms) = postSolution
		{9780DEFE-5821-4D44-A97D-2EB847898984}.Debug|Any CPU.ActiveCfg = Debug|Any CPU
		{9780DEFE-5821-4D44-A97D-2EB847898984}.Debug|Any CPU.Build.0 = Debug|Any CPU
		{9780DEFE-5821-4D44-A97D-2EB847898984}.Release|Any CPU.ActiveCfg = Release|Any CPU
		{9780DEFE-5821-4D44-A97D-2EB847898984}.Release|Any CPU.Build.0 = Release|Any CPU
	EndGlobalSection
	GlobalSection(SolutionProperties) = preSolution
		HideSolutionNode = FALSE
	EndGlobalSection
	GlobalSection(ExtensibilityGlobals) = postSolution
		SolutionGuid = {ABEAD3BF-D451-4250-AE00-B5C77D1DB2A6}
	EndGlobalSection
EndGlobal
